
Microsoft Visual Studio Solution File, Format Version 12.00
Project("{FAE04EC0-301F-11D3-BF4B-00C04F79EFBC}") = "AutoDbPerf", "AutoDbPerf\AutoDbPerf.csproj", "{F2E0B54E-CE45-4E6E-8250-7AC25BFADBA9}"
EndProject
Project("{FAE04EC0-301F-11D3-BF4B-00C04F79EFBC}") = "UnitTests", "UnitTests\UnitTests.csproj", "{AA66EC11-FD68-4911-9304-342A42C029F9}"
EndProject
Project("{FAE04EC0-301F-11D3-BF4B-00C04F79EFBC}") = "IntegrationTests", "IntegrationTests\IntegrationTests.csproj", "{C0BE2104-49E0-4D52-842F-22A2A3CAA757}"
EndProject
Global
	GlobalSection(SolutionConfigurationPlatforms) = preSolution
		Debug|Any CPU = Debug|Any CPU
		Release|Any CPU = Release|Any CPU
	EndGlobalSection
	GlobalSection(ProjectConfigurationPlatforms) = postSolution
		{F2E0B54E-CE45-4E6E-8250-7AC25BFADBA9}.Debug|Any CPU.ActiveCfg = Debug|Any CPU
		{F2E0B54E-CE45-4E6E-8250-7AC25BFADBA9}.Debug|Any CPU.Build.0 = Debug|Any CPU
		{F2E0B54E-CE45-4E6E-8250-7AC25BFADBA9}.Release|Any CPU.ActiveCfg = Release|Any CPU
		{F2E0B54E-CE45-4E6E-8250-7AC25BFADBA9}.Release|Any CPU.Build.0 = Release|Any CPU
		{AA66EC11-FD68-4911-9304-342A42C029F9}.Debug|Any CPU.ActiveCfg = Debug|Any CPU
		{AA66EC11-FD68-4911-9304-342A42C029F9}.Debug|Any CPU.Build.0 = Debug|Any CPU
		{AA66EC11-FD68-4911-9304-342A42C029F9}.Release|Any CPU.ActiveCfg = Release|Any CPU
		{AA66EC11-FD68-4911-9304-342A42C029F9}.Release|Any CPU.Build.0 = Release|Any CPU
		{C0BE2104-49E0-4D52-842F-22A2A3CAA757}.Debug|Any CPU.ActiveCfg = Debug|Any CPU
		{C0BE2104-49E0-4D52-842F-22A2A3CAA757}.Debug|Any CPU.Build.0 = Debug|Any CPU
		{C0BE2104-49E0-4D52-842F-22A2A3CAA757}.Release|Any CPU.ActiveCfg = Release|Any CPU
		{C0BE2104-49E0-4D52-842F-22A2A3CAA757}.Release|Any CPU.Build.0 = Release|Any CPU
	EndGlobalSection
EndGlobal
